// !$*UTF8*$!
{
	archiveVersion = 1;
	classes = {
	};
	objectVersion = 56;
	objects = {

/* Begin PBXBuildFile section */
		125B70FB296711F0001FB1AE /* WError.swift in Sources */ = {isa = PBXBuildFile; fileRef = 125B70FA296711F0001FB1AE /* WError.swift */; };
		1294D62B296479430016E156 /* AppDelegate.swift in Sources */ = {isa = PBXBuildFile; fileRef = 1294D62A296479430016E156 /* AppDelegate.swift */; };
		1294D62D296479430016E156 /* SceneDelegate.swift in Sources */ = {isa = PBXBuildFile; fileRef = 1294D62C296479430016E156 /* SceneDelegate.swift */; };
		1294D634296479440016E156 /* Assets.xcassets in Resources */ = {isa = PBXBuildFile; fileRef = 1294D633296479440016E156 /* Assets.xcassets */; };
		1294D637296479440016E156 /* LaunchScreen.storyboard in Resources */ = {isa = PBXBuildFile; fileRef = 1294D635296479440016E156 /* LaunchScreen.storyboard */; };
		1294D63F29647AB40016E156 /* WeatherVC.swift in Sources */ = {isa = PBXBuildFile; fileRef = 1294D63E29647AB40016E156 /* WeatherVC.swift */; };
		1294D64129647B000016E156 /* WeatherDetailVC.swift in Sources */ = {isa = PBXBuildFile; fileRef = 1294D64029647B000016E156 /* WeatherDetailVC.swift */; };
		1294D64329647B840016E156 /* NetworkManager.swift in Sources */ = {isa = PBXBuildFile; fileRef = 1294D64229647B840016E156 /* NetworkManager.swift */; };
		1294D64529647BA40016E156 /* WeatherData.swift in Sources */ = {isa = PBXBuildFile; fileRef = 1294D64429647BA40016E156 /* WeatherData.swift */; };
		1294D64C29647DD90016E156 /* WButton.swift in Sources */ = {isa = PBXBuildFile; fileRef = 1294D64B29647DD90016E156 /* WButton.swift */; };
		1294D64E29647E0B0016E156 /* WTextField.swift in Sources */ = {isa = PBXBuildFile; fileRef = 1294D64D29647E0B0016E156 /* WTextField.swift */; };
		12F5282229673E4400F1BC84 /* WLabel.swift in Sources */ = {isa = PBXBuildFile; fileRef = 12F5282129673E4400F1BC84 /* WLabel.swift */; };
/* End PBXBuildFile section */

/* Begin PBXFileReference section */
		125B70FA296711F0001FB1AE /* WError.swift */ = {isa = PBXFileReference; lastKnownFileType = sourcecode.swift; path = WError.swift; sourceTree = "<group>"; };
		1294D627296479430016E156 /* Weather App.app */ = {isa = PBXFileReference; explicitFileType = wrapper.application; includeInIndex = 0; path = "Weather App.app"; sourceTree = BUILT_PRODUCTS_DIR; };
		1294D62A296479430016E156 /* AppDelegate.swift */ = {isa = PBXFileReference; lastKnownFileType = sourcecode.swift; path = AppDelegate.swift; sourceTree = "<group>"; };
		1294D62C296479430016E156 /* SceneDelegate.swift */ = {isa = PBXFileReference; lastKnownFileType = sourcecode.swift; path = SceneDelegate.swift; sourceTree = "<group>"; };
		1294D633296479440016E156 /* Assets.xcassets */ = {isa = PBXFileReference; lastKnownFileType = folder.assetcatalog; path = Assets.xcassets; sourceTree = "<group>"; };
		1294D636296479440016E156 /* Base */ = {isa = PBXFileReference; lastKnownFileType = file.storyboard; name = Base; path = Base.lproj/LaunchScreen.storyboard; sourceTree = "<group>"; };
		1294D638296479440016E156 /* Info.plist */ = {isa = PBXFileReference; lastKnownFileType = text.plist.xml; path = Info.plist; sourceTree = "<group>"; };
		1294D63E29647AB40016E156 /* WeatherVC.swift */ = {isa = PBXFileReference; lastKnownFileType = sourcecode.swift; path = WeatherVC.swift; sourceTree = "<group>"; };
		1294D64029647B000016E156 /* WeatherDetailVC.swift */ = {isa = PBXFileReference; lastKnownFileType = sourcecode.swift; path = WeatherDetailVC.swift; sourceTree = "<group>"; };
		1294D64229647B840016E156 /* NetworkManager.swift */ = {isa = PBXFileReference; lastKnownFileType = sourcecode.swift; path = NetworkManager.swift; sourceTree = "<group>"; };
		1294D64429647BA40016E156 /* WeatherData.swift */ = {isa = PBXFileReference; lastKnownFileType = sourcecode.swift; path = WeatherData.swift; sourceTree = "<group>"; };
		1294D64B29647DD90016E156 /* WButton.swift */ = {isa = PBXFileReference; lastKnownFileType = sourcecode.swift; name = WButton.swift; path = "Weather App/WButton.swift"; sourceTree = SOURCE_ROOT; };
		1294D64D29647E0B0016E156 /* WTextField.swift */ = {isa = PBXFileReference; lastKnownFileType = sourcecode.swift; path = WTextField.swift; sourceTree = "<group>"; };
		12F5282129673E4400F1BC84 /* WLabel.swift */ = {isa = PBXFileReference; lastKnownFileType = sourcecode.swift; path = WLabel.swift; sourceTree = "<group>"; };
/* End PBXFileReference section */

/* Begin PBXFrameworksBuildPhase section */
		1294D624296479430016E156 /* Frameworks */ = {
			isa = PBXFrameworksBuildPhase;
			buildActionMask = 2147483647;
			files = (
			);
			runOnlyForDeploymentPostprocessing = 0;
		};
/* End PBXFrameworksBuildPhase section */

/* Begin PBXGroup section */
		125B70F9296711E4001FB1AE /* Utilities */ = {
			isa = PBXGroup;
			children = (
				125B70FA296711F0001FB1AE /* WError.swift */,
			);
			path = Utilities;
			sourceTree = "<group>";
		};
		1294D61E296479430016E156 = {
			isa = PBXGroup;
			children = (
				1294D629296479430016E156 /* Weather App */,
				1294D628296479430016E156 /* Products */,
			);
			sourceTree = "<group>";
		};
		1294D628296479430016E156 /* Products */ = {
			isa = PBXGroup;
			children = (
				1294D627296479430016E156 /* Weather App.app */,
			);
			name = Products;
			sourceTree = "<group>";
		};
		1294D629296479430016E156 /* Weather App */ = {
			isa = PBXGroup;
			children = (
				125B70F9296711E4001FB1AE /* Utilities */,
				1294D64929647CC50016E156 /* CustomViews */,
				1294D64829647CB60016E156 /* Models */,
				1294D64729647CA20016E156 /* Managers */,
				1294D64629647C930016E156 /* Screens */,
				1294D64A29647CD60016E156 /* Supports */,
				1294D638296479440016E156 /* Info.plist */,
			);
			path = "Weather App";
			sourceTree = "<group>";
		};
		1294D64629647C930016E156 /* Screens */ = {
			isa = PBXGroup;
			children = (
				1294D63E29647AB40016E156 /* WeatherVC.swift */,
				1294D64029647B000016E156 /* WeatherDetailVC.swift */,
			);
			path = Screens;
			sourceTree = "<group>";
		};
		1294D64729647CA20016E156 /* Managers */ = {
			isa = PBXGroup;
			children = (
				1294D64229647B840016E156 /* NetworkManager.swift */,
			);
			path = Managers;
			sourceTree = "<group>";
		};
		1294D64829647CB60016E156 /* Models */ = {
			isa = PBXGroup;
			children = (
				1294D64429647BA40016E156 /* WeatherData.swift */,
			);
			path = Models;
			sourceTree = "<group>";
		};
		1294D64929647CC50016E156 /* CustomViews */ = {
			isa = PBXGroup;
			children = (
				1294D64B29647DD90016E156 /* WButton.swift */,
				1294D64D29647E0B0016E156 /* WTextField.swift */,
				12F5282129673E4400F1BC84 /* WLabel.swift */,
			);
			path = CustomViews;
			sourceTree = "<group>";
		};
		1294D64A29647CD60016E156 /* Supports */ = {
			isa = PBXGroup;
			children = (
				1294D62A296479430016E156 /* AppDelegate.swift */,
				1294D62C296479430016E156 /* SceneDelegate.swift */,
				1294D633296479440016E156 /* Assets.xcassets */,
				1294D635296479440016E156 /* LaunchScreen.storyboard */,
			);
			path = Supports;
			sourceTree = "<group>";
		};
/* End PBXGroup section */

/* Begin PBXNativeTarget section */
		1294D626296479430016E156 /* Weather App */ = {
			isa = PBXNativeTarget;
			buildConfigurationList = 1294D63B296479440016E156 /* Build configuration list for PBXNativeTarget "Weather App" */;
			buildPhases = (
				1294D623296479430016E156 /* Sources */,
				1294D624296479430016E156 /* Frameworks */,
				1294D625296479430016E156 /* Resources */,
			);
			buildRules = (
			);
			dependencies = (
			);
			name = "Weather App";
			productName = "Weather App";
			productReference = 1294D627296479430016E156 /* Weather App.app */;
			productType = "com.apple.product-type.application";
		};
/* End PBXNativeTarget section */

/* Begin PBXProject section */
		1294D61F296479430016E156 /* Project object */ = {
			isa = PBXProject;
			attributes = {
				BuildIndependentTargetsInParallel = 1;
				LastSwiftUpdateCheck = 1420;
				LastUpgradeCheck = 1420;
				TargetAttributes = {
					1294D626296479430016E156 = {
						CreatedOnToolsVersion = 14.2;
					};
				};
			};
			buildConfigurationList = 1294D622296479430016E156 /* Build configuration list for PBXProject "Weather App" */;
			compatibilityVersion = "Xcode 14.0";
			developmentRegion = en;
			hasScannedForEncodings = 0;
			knownRegions = (
				en,
				Base,
			);
			mainGroup = 1294D61E296479430016E156;
			productRefGroup = 1294D628296479430016E156 /* Products */;
			projectDirPath = "";
			projectRoot = "";
			targets = (
				1294D626296479430016E156 /* Weather App */,
			);
		};
/* End PBXProject section */

/* Begin PBXResourcesBuildPhase section */
		1294D625296479430016E156 /* Resources */ = {
			isa = PBXResourcesBuildPhase;
			buildActionMask = 2147483647;
			files = (
				1294D637296479440016E156 /* LaunchScreen.storyboard in Resources */,
				1294D634296479440016E156 /* Assets.xcassets in Resources */,
			);
			runOnlyForDeploymentPostprocessing = 0;
		};
/* End PBXResourcesBuildPhase section */

/* Begin PBXSourcesBuildPhase section */
		1294D623296479430016E156 /* Sources */ = {
			isa = PBXSourcesBuildPhase;
			buildActionMask = 2147483647;
			files = (
				1294D64129647B000016E156 /* WeatherDetailVC.swift in Sources */,
				1294D64C29647DD90016E156 /* WButton.swift in Sources */,
				12F5282229673E4400F1BC84 /* WLabel.swift in Sources */,
				1294D62B296479430016E156 /* AppDelegate.swift in Sources */,
				1294D64E29647E0B0016E156 /* WTextField.swift in Sources */,
				1294D64329647B840016E156 /* NetworkManager.swift in Sources */,
				125B70FB296711F0001FB1AE /* WError.swift in Sources */,
				1294D63F29647AB40016E156 /* WeatherVC.swift in Sources */,
				1294D64529647BA40016E156 /* WeatherData.swift in Sources */,
				1294D62D296479430016E156 /* SceneDelegate.swift in Sources */,
			);
			runOnlyForDeploymentPostprocessing = 0;
		};
/* End PBXSourcesBuildPhase section */

/* Begin PBXVariantGroup section */
		1294D635296479440016E156 /* LaunchScreen.storyboard */ = {
			isa = PBXVariantGroup;
			children = (
				1294D636296479440016E156 /* Base */,
			);
			name = LaunchScreen.storyboard;
			sourceTree = "<group>";
		};
/* End PBXVariantGroup section */

/* Begin XCBuildConfiguration section */
		1294D639296479440016E156 /* Debug */ = {
			isa = XCBuildConfiguration;
			buildSettings = {
				ALWAYS_SEARCH_USER_PATHS = NO;
				CLANG_ANALYZER_NONNULL = YES;
				CLANG_ANALYZER_NUMBER_OBJECT_CONVERSION = YES_AGGRESSIVE;
				CLANG_CXX_LANGUAGE_STANDARD = "gnu++20";
				CLANG_ENABLE_MODULES = YES;
				CLANG_ENABLE_OBJC_ARC = YES;
				CLANG_ENABLE_OBJC_WEAK = YES;
				CLANG_WARN_BLOCK_CAPTURE_AUTORELEASING = YES;
				CLANG_WARN_BOOL_CONVERSION = YES;
				CLANG_WARN_COMMA = YES;
				CLANG_WARN_CONSTANT_CONVERSION = YES;
				CLANG_WARN_DEPRECATED_OBJC_IMPLEMENTATIONS = YES;
				CLANG_WARN_DIRECT_OBJC_ISA_USAGE = YES_ERROR;
				CLANG_WARN_DOCUMENTATION_COMMENTS = YES;
				CLANG_WARN_EMPTY_BODY = YES;
				CLANG_WARN_ENUM_CONVERSION = YES;
				CLANG_WARN_INFINITE_RECURSION = YES;
				CLANG_WARN_INT_CONVERSION = YES;
				CLANG_WARN_NON_LITERAL_NULL_CONVERSION = YES;
				CLANG_WARN_OBJC_IMPLICIT_RETAIN_SELF = YES;
				CLANG_WARN_OBJC_LITERAL_CONVERSION = YES;
				CLANG_WARN_OBJC_ROOT_CLASS = YES_ERROR;
				CLANG_WARN_QUOTED_INCLUDE_IN_FRAMEWORK_HEADER = YES;
				CLANG_WARN_RANGE_LOOP_ANALYSIS = YES;
				CLANG_WARN_STRICT_PROTOTYPES = YES;
				CLANG_WARN_SUSPICIOUS_MOVE = YES;
				CLANG_WARN_UNGUARDED_AVAILABILITY = YES_AGGRESSIVE;
				CLANG_WARN_UNREACHABLE_CODE = YES;
				CLANG_WARN__DUPLICATE_METHOD_MATCH = YES;
				COPY_PHASE_STRIP = NO;
				DEBUG_INFORMATION_FORMAT = dwarf;
				ENABLE_STRICT_OBJC_MSGSEND = YES;
				ENABLE_TESTABILITY = YES;
				GCC_C_LANGUAGE_STANDARD = gnu11;
				GCC_DYNAMIC_NO_PIC = NO;
				GCC_NO_COMMON_BLOCKS = YES;
				GCC_OPTIMIZATION_LEVEL = 0;
				GCC_PREPROCESSOR_DEFINITIONS = (
					"DEBUG=1",
					"$(inherited)",
				);
				GCC_WARN_64_TO_32_BIT_CONVERSION = YES;
				GCC_WARN_ABOUT_RETURN_TYPE = YES_ERROR;
				GCC_WARN_UNDECLARED_SELECTOR = YES;
				GCC_WARN_UNINITIALIZED_AUTOS = YES_AGGRESSIVE;
				GCC_WARN_UNUSED_FUNCTION = YES;
				GCC_WARN_UNUSED_VARIABLE = YES;
				IPHONEOS_DEPLOYMENT_TARGET = 16.2;
				MTL_ENABLE_DEBUG_INFO = INCLUDE_SOURCE;
				MTL_FAST_MATH = YES;
				ONLY_ACTIVE_ARCH = YES;
				SDKROOT = iphoneos;
				SWIFT_ACTIVE_COMPILATION_CONDITIONS = DEBUG;
				SWIFT_OPTIMIZATION_LEVEL = "-Onone";
			};
			name = Debug;
		};
		1294D63A296479440016E156 /* Release */ = {
			isa = XCBuildConfiguration;
			buildSettings = {
				ALWAYS_SEARCH_USER_PATHS = NO;
				CLANG_ANALYZER_NONNULL = YES;
				CLANG_ANALYZER_NUMBER_OBJECT_CONVERSION = YES_AGGRESSIVE;
				CLANG_CXX_LANGUAGE_STANDARD = "gnu++20";
				CLANG_ENABLE_MODULES = YES;
				CLANG_ENABLE_OBJC_ARC = YES;
				CLANG_ENABLE_OBJC_WEAK = YES;
				CLANG_WARN_BLOCK_CAPTURE_AUTORELEASING = YES;
				CLANG_WARN_BOOL_CONVERSION = YES;
				CLANG_WARN_COMMA = YES;
				CLANG_WARN_CONSTANT_CONVERSION = YES;
				CLANG_WARN_DEPRECATED_OBJC_IMPLEMENTATIONS = YES;
				CLANG_WARN_DIRECT_OBJC_ISA_USAGE = YES_ERROR;
				CLANG_WARN_DOCUMENTATION_COMMENTS = YES;
				CLANG_WARN_EMPTY_BODY = YES;
				CLANG_WARN_ENUM_CONVERSION = YES;
				CLANG_WARN_INFINITE_RECURSION = YES;
				CLANG_WARN_INT_CONVERSION = YES;
				CLANG_WARN_NON_LITERAL_NULL_CONVERSION = YES;
				CLANG_WARN_OBJC_IMPLICIT_RETAIN_SELF = YES;
				CLANG_WARN_OBJC_LITERAL_CONVERSION = YES;
				CLANG_WARN_OBJC_ROOT_CLASS = YES_ERROR;
				CLANG_WARN_QUOTED_INCLUDE_IN_FRAMEWORK_HEADER = YES;
				CLANG_WARN_RANGE_LOOP_ANALYSIS = YES;
				CLANG_WARN_STRICT_PROTOTYPES = YES;
				CLANG_WARN_SUSPICIOUS_MOVE = YES;
				CLANG_WARN_UNGUARDED_AVAILABILITY = YES_AGGRESSIVE;
				CLANG_WARN_UNREACHABLE_CODE = YES;
				CLANG_WARN__DUPLICATE_METHOD_MATCH = YES;
				COPY_PHASE_STRIP = NO;
				DEBUG_INFORMATION_FORMAT = "dwarf-with-dsym";
				ENABLE_NS_ASSERTIONS = NO;
				ENABLE_STRICT_OBJC_MSGSEND = YES;
				GCC_C_LANGUAGE_STANDARD = gnu11;
				GCC_NO_COMMON_BLOCKS = YES;
				GCC_WARN_64_TO_32_BIT_CONVERSION = YES;
				GCC_WARN_ABOUT_RETURN_TYPE = YES_ERROR;
				GCC_WARN_UNDECLARED_SELECTOR = YES;
				GCC_WARN_UNINITIALIZED_AUTOS = YES_AGGRESSIVE;
				GCC_WARN_UNUSED_FUNCTION = YES;
				GCC_WARN_UNUSED_VARIABLE = YES;
				IPHONEOS_DEPLOYMENT_TARGET = 16.2;
				MTL_ENABLE_DEBUG_INFO = NO;
				MTL_FAST_MATH = YES;
				SDKROOT = iphoneos;
				SWIFT_COMPILATION_MODE = wholemodule;
				SWIFT_OPTIMIZATION_LEVEL = "-O";
				VALIDATE_PRODUCT = YES;
			};
			name = Release;
		};
		1294D63C296479440016E156 /* Debug */ = {
			isa = XCBuildConfiguration;
			buildSettings = {
				ASSETCATALOG_COMPILER_APPICON_NAME = AppIcon;
				ASSETCATALOG_COMPILER_GLOBAL_ACCENT_COLOR_NAME = AccentColor;
				CODE_SIGN_STYLE = Automatic;
				CURRENT_PROJECT_VERSION = 1;
				DEVELOPMENT_TEAM = B6ANGFLU85;
				GENERATE_INFOPLIST_FILE = YES;
				INFOPLIST_FILE = "Weather App/Info.plist";
				INFOPLIST_KEY_UIApplicationSupportsIndirectInputEvents = YES;
				INFOPLIST_KEY_UILaunchStoryboardName = LaunchScreen;
				INFOPLIST_KEY_UISupportedInterfaceOrientations_iPad = "UIInterfaceOrientationPortrait UIInterfaceOrientationPortraitUpsideDown UIInterfaceOrientationLandscapeLeft UIInterfaceOrientationLandscapeRight";
				INFOPLIST_KEY_UISupportedInterfaceOrientations_iPhone = "UIInterfaceOrientationPortrait UIInterfaceOrientationLandscapeLeft UIInterfaceOrientationLandscapeRight";
				LD_RUNPATH_SEARCH_PATHS = (
					"$(inherited)",
					"@executable_path/Frameworks",
				);
				MARKETING_VERSION = 1.0;
				PRODUCT_BUNDLE_IDENTIFIER = "com.akinserhatgoksel.Weather-App";
				PRODUCT_NAME = "$(TARGET_NAME)";
				SWIFT_EMIT_LOC_STRINGS = YES;
				SWIFT_VERSION = 5.0;
				TARGETED_DEVICE_FAMILY = "1,2";
			};
			name = Debug;
		};
		1294D63D296479440016E156 /* Release */ = {
			isa = XCBuildConfiguration;
			buildSettings = {
				ASSETCATALOG_COMPILER_APPICON_NAME = AppIcon;
				ASSETCATALOG_COMPILER_GLOBAL_ACCENT_COLOR_NAME = AccentColor;
				CODE_SIGN_STYLE = Automatic;
				CURRENT_PROJECT_VERSION = 1;
				DEVELOPMENT_TEAM = B6ANGFLU85;
				GENERATE_INFOPLIST_FILE = YES;
				INFOPLIST_FILE = "Weather App/Info.plist";
				INFOPLIST_KEY_UIApplicationSupportsIndirectInputEvents = YES;
				INFOPLIST_KEY_UILaunchStoryboardName = LaunchScreen;
				INFOPLIST_KEY_UISupportedInterfaceOrientations_iPad = "UIInterfaceOrientationPortrait UIInterfaceOrientationPortraitUpsideDown UIInterfaceOrientationLandscapeLeft UIInterfaceOrientationLandscapeRight";
				INFOPLIST_KEY_UISupportedInterfaceOrientations_iPhone = "UIInterfaceOrientationPortrait UIInterfaceOrientationLandscapeLeft UIInterfaceOrientationLandscapeRight";
				LD_RUNPATH_SEARCH_PATHS = (
					"$(inherited)",
					"@executable_path/Frameworks",
				);
				MARKETING_VERSION = 1.0;
				PRODUCT_BUNDLE_IDENTIFIER = "com.akinserhatgoksel.Weather-App";
				PRODUCT_NAME = "$(TARGET_NAME)";
				SWIFT_EMIT_LOC_STRINGS = YES;
				SWIFT_VERSION = 5.0;
				TARGETED_DEVICE_FAMILY = "1,2";
			};
			name = Release;
		};
/* End XCBuildConfiguration section */

/* Begin XCConfigurationList section */
		1294D622296479430016E156 /* Build configuration list for PBXProject "Weather App" */ = {
			isa = XCConfigurationList;
			buildConfigurations = (
				1294D639296479440016E156 /* Debug */,
				1294D63A296479440016E156 /* Release */,
			);
			defaultConfigurationIsVisible = 0;
			defaultConfigurationName = Release;
		};
		1294D63B296479440016E156 /* Build configuration list for PBXNativeTarget "Weather App" */ = {
			isa = XCConfigurationList;
			buildConfigurations = (
				1294D63C296479440016E156 /* Debug */,
				1294D63D296479440016E156 /* Release */,
			);
			defaultConfigurationIsVisible = 0;
			defaultConfigurationName = Release;
		};
/* End XCConfigurationList section */
	};
	rootObject = 1294D61F296479430016E156 /* Project object */;
}
